Microsoft Visual Studio Solution File, Format Version 12.00
# Visual Studio Version 17
VisualStudioVersion = 17.5.2.0
MinimumVisualStudioVersion = 10.0.40219.1
Project("{2150E333-8FDC-42A3-9474-1A3956D46DE8}") = "server", "server", "{DAD03CFC-D5FA-AC94-41C7-9ABAB326F09E}"
EndProject
Project("{2150E333-8FDC-42A3-9474-1A3956D46DE8}") = "shared", "shared", "{4F52FD11-658E-A102-6CD3-7D7C16FFA15B}"
EndProject
Project("{FAE04EC0-301F-11D3-BF4B-00C04F79EFBC}") = "SauronVisionProtocol.Server", "server\src\SauronVisionProtocol.Server.csproj", "{0547CF57-EE93-9D9B-67CB-CDC1CA51864C}"
EndProject
Project("{FAE04EC0-301F-11D3-BF4B-00C04F79EFBC}") = "SauronVisionProtocol.Shared", "shared\protocol\SauronVisionProtocol.Shared.csproj", "{38ADF57C-0A8F-1FD5-63F1-022B959459DE}"
EndProject
Global
	GlobalSection(SolutionConfigurationPlatforms) = preSolution
		Debug|Any CPU = Debug|Any CPU
		Release|Any CPU = Release|Any CPU
	EndGlobalSection
	GlobalSection(ProjectConfigurationPlatforms) = postSolution
		{0547CF57-EE93-9D9B-67CB-CDC1CA51864C}.Debug|Any CPU.ActiveCfg = Debug|Any CPU
		{0547CF57-EE93-9D9B-67CB-CDC1CA51864C}.Debug|Any CPU.Build.0 = Debug|Any CPU
		{0547CF57-EE93-9D9B-67CB-CDC1CA51864C}.Release|Any CPU.ActiveCfg = Release|Any CPU
		{0547CF57-EE93-9D9B-67CB-CDC1CA51864C}.Release|Any CPU.Build.0 = Release|Any CPU
		{38ADF57C-0A8F-1FD5-63F1-022B959459DE}.Debug|Any CPU.ActiveCfg = Debug|Any CPU
		{38ADF57C-0A8F-1FD5-63F1-022B959459DE}.Debug|Any CPU.Build.0 = Debug|Any CPU
		{38ADF57C-0A8F-1FD5-63F1-022B959459DE}.Release|Any CPU.ActiveCfg = Release|Any CPU
		{38ADF57C-0A8F-1FD5-63F1-022B959459DE}.Release|Any CPU.Build.0 = Release|Any CPU
	EndGlobalSection
	GlobalSection(SolutionProperties) = preSolution
		HideSolutionNode = FALSE
	EndGlobalSection
	GlobalSection(NestedProjects) = preSolution
		{0547CF57-EE93-9D9B-67CB-CDC1CA51864C} = {DAD03CFC-D5FA-AC94-41C7-9ABAB326F09E}
		{38ADF57C-0A8F-1FD5-63F1-022B959459DE} = {4F52FD11-658E-A102-6CD3-7D7C16FFA15B}
	EndGlobalSection
	GlobalSection(ExtensibilityGlobals) = postSolution
		SolutionGuid = {34BE6562-9D65-48F0-A1AB-71CEF80B8C72}
	EndGlobalSection
EndGlobal
